{
  "name": "@randomdev/pulsedev",
  "version": "0.1.2",
  "lockfileVersion": 3,
  "requires": true,
  "packages": {
    "": {
      "name": "@randomdev/pulsedev",
      "version": "0.1.2",
      "license": "ISC",
      "bin": {
        "pulsedev": "bin/cli.js"
      },
      "engines": {
        "node": ">=22.0.0"
      }
    }
  }
}
